
Microsoft Visual Studio Solution File, Format Version 12.00
# Visual Studio 15
Project("{FAE04EC0-301F-11D3-BF4B-00C04F79EFBC}") = "MicroServices.Common.General", "Common\MicroServices.Common.General\MicroServices.Common.General.csproj", "{40227B87-1189-45B5-9E73-8292975380C5}"
EndProject
Project("{2150E333-8FDC-42A3-9474-1A3956D46DE8}") = "ProductsMicroServices", "ProductsMicroServices", "{E8317146-90CC-4008-9D18-3B8C2282F510}"
EndProject
Project("{2150E333-8FDC-42A3-9474-1A3956D46DE8}") = "Common", "Common", "{B655F14C-168E-4189-B502-FB4DE605F9A2}"
EndProject
Project("{FAE04EC0-301F-11D3-BF4B-00C04F79EFBC}") = "Products.Common", "Products\Products.Common\Products.Common.csproj", "{6C214565-5FD2-4081-A6AD-C98DDAEB9F91}"
EndProject
Project("{2150E333-8FDC-42A3-9474-1A3956D46DE8}") = "ReadModelServices", "ReadModelServices", "{E3E3FDB1-EFC3-458B-A184-D108785C3529}"
EndProject
Project("{2150E333-8FDC-42A3-9474-1A3956D46DE8}") = "DomainServices", "DomainServices", "{5C46E1AD-EDC9-41DB-B34F-BD64778614D4}"
EndProject
Project("{2150E333-8FDC-42A3-9474-1A3956D46DE8}") = "SalesMicroServies", "SalesMicroServies", "{976176DD-445C-4E45-9F3C-1DF0A6754E4D}"
EndProject
Project("{2150E333-8FDC-42A3-9474-1A3956D46DE8}") = "Common", "Common", "{EEA6E732-1B69-4A0C-840F-939EAE91D2C0}"
EndProject
Project("{2150E333-8FDC-42A3-9474-1A3956D46DE8}") = "DomainServices", "DomainServices", "{C42BCEE1-12DF-48F5-85D4-B45522DB9606}"
EndProject
Project("{2150E333-8FDC-42A3-9474-1A3956D46DE8}") = "ReadModelServices", "ReadModelServices", "{25CC3AA2-E39A-4C33-9247-706F15F369B6}"
EndProject
Project("{FAE04EC0-301F-11D3-BF4B-00C04F79EFBC}") = "Products.ReadModels.Service", "Products\Products.ReadModels.Service\Products.ReadModels.Service.csproj", "{442698B0-CABC-4336-953A-88CEC9F22AB3}"
EndProject
Project("{FAE04EC0-301F-11D3-BF4B-00C04F79EFBC}") = "Products.ReadModels.Client", "Products\Products.ReadModels.Client\Products.ReadModels.Client.csproj", "{CABF33D2-12BC-48F9-B58C-CCC17F08B8E6}"
EndProject
Project("{FAE04EC0-301F-11D3-BF4B-00C04F79EFBC}") = "Products.Service", "Products\Products.Service\Products.Service.csproj", "{42EDC7D2-E036-4AF9-B7EA-F973121A54A6}"
EndProject
Project("{FAE04EC0-301F-11D3-BF4B-00C04F79EFBC}") = "Products.Service.UnitTests", "Products\Products.Service.UnitTests\Products.Service.UnitTests.csproj", "{31F63CB5-A41C-43C7-A362-A954E90661A8}"
EndProject
Project("{FAE04EC0-301F-11D3-BF4B-00C04F79EFBC}") = "MicroServices.Common", "Common\MicroServices.Common\MicroServices.Common.csproj", "{C97DF6F2-3871-428D-9161-CEE510653271}"
EndProject
Project("{FAE04EC0-301F-11D3-BF4B-00C04F79EFBC}") = "Sales.Common", "Sales\Sales.Common\Sales.Common.csproj", "{33DC3C06-67FD-4F3D-AF77-94071A43183C}"
EndProject
Project("{FAE04EC0-301F-11D3-BF4B-00C04F79EFBC}") = "Sales.Service", "Sales\Sales.Service\Sales.Service.csproj", "{FEBE3D35-2986-4CA7-95FE-D6C6281CEFD3}"
EndProject
Project("{FAE04EC0-301F-11D3-BF4B-00C04F79EFBC}") = "Sales.Service.UnitTests", "Sales\Sales.Service.UnitTests\Sales.Service.UnitTests.csproj", "{A2FCD5AC-B744-48F4-B7BF-262AEC6E9034}"
EndProject
Project("{FAE04EC0-301F-11D3-BF4B-00C04F79EFBC}") = "Sales.ReadModels.Service", "Sales\Sales.ReadModels.Service\Sales.ReadModels.Service.csproj", "{656573C4-55D9-4228-BCE2-761E954D0AE2}"
EndProject
Global
	GlobalSection(SolutionConfigurationPlatforms) = preSolution
		Debug|Any CPU = Debug|Any CPU
		Release|Any CPU = Release|Any CPU
	EndGlobalSection
	GlobalSection(ProjectConfigurationPlatforms) = postSolution
		{40227B87-1189-45B5-9E73-8292975380C5}.Debug|Any CPU.ActiveCfg = Debug|Any CPU
		{40227B87-1189-45B5-9E73-8292975380C5}.Debug|Any CPU.Build.0 = Debug|Any CPU
		{40227B87-1189-45B5-9E73-8292975380C5}.Release|Any CPU.ActiveCfg = Release|Any CPU
		{40227B87-1189-45B5-9E73-8292975380C5}.Release|Any CPU.Build.0 = Release|Any CPU
		{6C214565-5FD2-4081-A6AD-C98DDAEB9F91}.Debug|Any CPU.ActiveCfg = Debug|Any CPU
		{6C214565-5FD2-4081-A6AD-C98DDAEB9F91}.Debug|Any CPU.Build.0 = Debug|Any CPU
		{6C214565-5FD2-4081-A6AD-C98DDAEB9F91}.Release|Any CPU.ActiveCfg = Release|Any CPU
		{6C214565-5FD2-4081-A6AD-C98DDAEB9F91}.Release|Any CPU.Build.0 = Release|Any CPU
		{442698B0-CABC-4336-953A-88CEC9F22AB3}.Debug|Any CPU.ActiveCfg = Debug|Any CPU
		{442698B0-CABC-4336-953A-88CEC9F22AB3}.Debug|Any CPU.Build.0 = Debug|Any CPU
		{442698B0-CABC-4336-953A-88CEC9F22AB3}.Release|Any CPU.ActiveCfg = Release|Any CPU
		{442698B0-CABC-4336-953A-88CEC9F22AB3}.Release|Any CPU.Build.0 = Release|Any CPU
		{CABF33D2-12BC-48F9-B58C-CCC17F08B8E6}.Debug|Any CPU.ActiveCfg = Debug|Any CPU
		{CABF33D2-12BC-48F9-B58C-CCC17F08B8E6}.Debug|Any CPU.Build.0 = Debug|Any CPU
		{CABF33D2-12BC-48F9-B58C-CCC17F08B8E6}.Release|Any CPU.ActiveCfg = Release|Any CPU
		{CABF33D2-12BC-48F9-B58C-CCC17F08B8E6}.Release|Any CPU.Build.0 = Release|Any CPU
		{42EDC7D2-E036-4AF9-B7EA-F973121A54A6}.Debug|Any CPU.ActiveCfg = Debug|Any CPU
		{42EDC7D2-E036-4AF9-B7EA-F973121A54A6}.Debug|Any CPU.Build.0 = Debug|Any CPU
		{42EDC7D2-E036-4AF9-B7EA-F973121A54A6}.Release|Any CPU.ActiveCfg = Release|Any CPU
		{42EDC7D2-E036-4AF9-B7EA-F973121A54A6}.Release|Any CPU.Build.0 = Release|Any CPU
		{31F63CB5-A41C-43C7-A362-A954E90661A8}.Debug|Any CPU.ActiveCfg = Debug|Any CPU
		{31F63CB5-A41C-43C7-A362-A954E90661A8}.Debug|Any CPU.Build.0 = Debug|Any CPU
		{31F63CB5-A41C-43C7-A362-A954E90661A8}.Release|Any CPU.ActiveCfg = Release|Any CPU
		{31F63CB5-A41C-43C7-A362-A954E90661A8}.Release|Any CPU.Build.0 = Release|Any CPU
		{C97DF6F2-3871-428D-9161-CEE510653271}.Debug|Any CPU.ActiveCfg = Debug|Any CPU
		{C97DF6F2-3871-428D-9161-CEE510653271}.Debug|Any CPU.Build.0 = Debug|Any CPU
		{C97DF6F2-3871-428D-9161-CEE510653271}.Release|Any CPU.ActiveCfg = Release|Any CPU
		{C97DF6F2-3871-428D-9161-CEE510653271}.Release|Any CPU.Build.0 = Release|Any CPU
		{33DC3C06-67FD-4F3D-AF77-94071A43183C}.Debug|Any CPU.ActiveCfg = Debug|Any CPU
		{33DC3C06-67FD-4F3D-AF77-94071A43183C}.Debug|Any CPU.Build.0 = Debug|Any CPU
		{33DC3C06-67FD-4F3D-AF77-94071A43183C}.Release|Any CPU.ActiveCfg = Release|Any CPU
		{33DC3C06-67FD-4F3D-AF77-94071A43183C}.Release|Any CPU.Build.0 = Release|Any CPU
		{FEBE3D35-2986-4CA7-95FE-D6C6281CEFD3}.Debug|Any CPU.ActiveCfg = Debug|Any CPU
		{FEBE3D35-2986-4CA7-95FE-D6C6281CEFD3}.Debug|Any CPU.Build.0 = Debug|Any CPU
		{FEBE3D35-2986-4CA7-95FE-D6C6281CEFD3}.Release|Any CPU.ActiveCfg = Release|Any CPU
		{FEBE3D35-2986-4CA7-95FE-D6C6281CEFD3}.Release|Any CPU.Build.0 = Release|Any CPU
		{A2FCD5AC-B744-48F4-B7BF-262AEC6E9034}.Debug|Any CPU.ActiveCfg = Debug|Any CPU
		{A2FCD5AC-B744-48F4-B7BF-262AEC6E9034}.Debug|Any CPU.Build.0 = Debug|Any CPU
		{A2FCD5AC-B744-48F4-B7BF-262AEC6E9034}.Release|Any CPU.ActiveCfg = Release|Any CPU
		{A2FCD5AC-B744-48F4-B7BF-262AEC6E9034}.Release|Any CPU.Build.0 = Release|Any CPU
		{656573C4-55D9-4228-BCE2-761E954D0AE2}.Debug|Any CPU.ActiveCfg = Debug|Any CPU
		{656573C4-55D9-4228-BCE2-761E954D0AE2}.Debug|Any CPU.Build.0 = Debug|Any CPU
		{656573C4-55D9-4228-BCE2-761E954D0AE2}.Release|Any CPU.ActiveCfg = Release|Any CPU
		{656573C4-55D9-4228-BCE2-761E954D0AE2}.Release|Any CPU.Build.0 = Release|Any CPU
	EndGlobalSection
	GlobalSection(NestedProjects) = preSolution
		{B655F14C-168E-4189-B502-FB4DE605F9A2} = {E8317146-90CC-4008-9D18-3B8C2282F510}
		{6C214565-5FD2-4081-A6AD-C98DDAEB9F91} = {B655F14C-168E-4189-B502-FB4DE605F9A2}
		{E3E3FDB1-EFC3-458B-A184-D108785C3529} = {E8317146-90CC-4008-9D18-3B8C2282F510}
		{5C46E1AD-EDC9-41DB-B34F-BD64778614D4} = {E8317146-90CC-4008-9D18-3B8C2282F510}
		{EEA6E732-1B69-4A0C-840F-939EAE91D2C0} = {976176DD-445C-4E45-9F3C-1DF0A6754E4D}
		{C42BCEE1-12DF-48F5-85D4-B45522DB9606} = {976176DD-445C-4E45-9F3C-1DF0A6754E4D}
		{25CC3AA2-E39A-4C33-9247-706F15F369B6} = {976176DD-445C-4E45-9F3C-1DF0A6754E4D}
		{442698B0-CABC-4336-953A-88CEC9F22AB3} = {E3E3FDB1-EFC3-458B-A184-D108785C3529}
		{CABF33D2-12BC-48F9-B58C-CCC17F08B8E6} = {E3E3FDB1-EFC3-458B-A184-D108785C3529}
		{42EDC7D2-E036-4AF9-B7EA-F973121A54A6} = {5C46E1AD-EDC9-41DB-B34F-BD64778614D4}
		{31F63CB5-A41C-43C7-A362-A954E90661A8} = {5C46E1AD-EDC9-41DB-B34F-BD64778614D4}
		{33DC3C06-67FD-4F3D-AF77-94071A43183C} = {EEA6E732-1B69-4A0C-840F-939EAE91D2C0}
		{FEBE3D35-2986-4CA7-95FE-D6C6281CEFD3} = {C42BCEE1-12DF-48F5-85D4-B45522DB9606}
		{A2FCD5AC-B744-48F4-B7BF-262AEC6E9034} = {C42BCEE1-12DF-48F5-85D4-B45522DB9606}
		{656573C4-55D9-4228-BCE2-761E954D0AE2} = {25CC3AA2-E39A-4C33-9247-706F15F369B6}
	EndGlobalSection
EndGlobal
